{
  "name": "entrepreneurship",
  "version": "1.0.0",
  "lockfileVersion": 1,
  "requires": true,
  "dependencies": {
    "@babel/helper-builder-react-jsx": {
      "version": "7.8.3",
      "resolved": "https://registry.npmjs.org/@babel/helper-builder-react-jsx/-/helper-builder-react-jsx-7.8.3.tgz",
      "integrity": "sha512-JT8mfnpTkKNCboTqZsQTdGo3l3Ik3l7QIt9hh0O9DYiwVel37VoJpILKM4YFbP2euF32nkQSb+F9cUk9b7DDXQ==",
      "dev": true,
      "requires": {
        "@babel/types": "^7.8.3",
        "esutils": "^2.0.0"
      }
    },
    "@babel/helper-plugin-utils": {
      "version": "7.8.3",
      "resolved": "https://registry.npmjs.org/@babel/helper-plugin-utils/-/helper-plugin-utils-7.8.3.tgz",
      "integrity": "sha512-j+fq49Xds2smCUNYmEHF9kGNkhbet6yVIBp4e6oeQpH1RUs/Ir06xUKzDjDkGcaaokPiTNs2JBWHjaE4csUkZQ==",
      "dev": true
    },
    "@babel/plugin-syntax-jsx": {
      "version": "7.8.3",
      "resolved": "https://registry.npmjs.org/@babel/plugin-syntax-jsx/-/plugin-syntax-jsx-7.8.3.tgz",
      "integrity": "sha512-WxdW9xyLgBdefoo0Ynn3MRSkhe5tFVxxKNVdnZSh318WrG2e2jH+E9wd/++JsqcLJZPfz87njQJ8j2Upjm0M0A==",
      "dev": true,
      "requires": {
        "@babel/helper-plugin-utils": "^7.8.3"
      }
    },
    "@babel/plugin-transform-react-display-name": {
      "version": "7.8.3",
      "resolved": "https://registry.npmjs.org/@babel/plugin-transform-react-display-name/-/plugin-transform-react-display-name-7.8.3.tgz",
      "integrity": "sha512-3Jy/PCw8Fe6uBKtEgz3M82ljt+lTg+xJaM4og+eyu83qLT87ZUSckn0wy7r31jflURWLO83TW6Ylf7lyXj3m5A==",
      "dev": true,
      "requires": {
        "@babel/helper-plugin-utils": "^7.8.3"
      }
    },
    "@babel/plugin-transform-react-jsx": {
      "version": "7.8.3",
      "resolved": "https://registry.npmjs.org/@babel/plugin-transform-react-jsx/-/plugin-transform-react-jsx-7.8.3.tgz",
      "integrity": "sha512-r0h+mUiyL595ikykci+fbwm9YzmuOrUBi0b+FDIKmi3fPQyFokWVEMJnRWHJPPQEjyFJyna9WZC6Viv6UHSv1g==",
      "dev": true,
      "requires": {
        "@babel/helper-builder-react-jsx": "^7.8.3",
        "@babel/helper-plugin-utils": "^7.8.3",
        "@babel/plugin-syntax-jsx": "^7.8.3"
      }
    },
    "@babel/plugin-transform-react-jsx-self": {
      "version": "7.8.3",
      "resolved": "https://registry.npmjs.org/@babel/plugin-transform-react-jsx-self/-/plugin-transform-react-jsx-self-7.8.3.tgz",
      "integrity": "sha512-01OT7s5oa0XTLf2I8XGsL8+KqV9lx3EZV+jxn/L2LQ97CGKila2YMroTkCEIE0HV/FF7CMSRsIAybopdN9NTdg==",
      "dev": true,
      "requires": {
        "@babel/helper-plugin-utils": "^7.8.3",
        "@babel/plugin-syntax-jsx": "^7.8.3"
      }
    },
    "@babel/plugin-transform-react-jsx-source": {
      "version": "7.8.3",
      "resolved": "https://registry.npmjs.org/@babel/plugin-transform-react-jsx-source/-/plugin-transform-react-jsx-source-7.8.3.tgz",
      "integrity": "sha512-PLMgdMGuVDtRS/SzjNEQYUT8f4z1xb2BAT54vM1X5efkVuYBf5WyGUMbpmARcfq3NaglIwz08UVQK4HHHbC6ag==",
      "dev": true,
      "requires": {
        "@babel/helper-plugin-utils": "^7.8.3",
        "@babel/plugin-syntax-jsx": "^7.8.3"
      }
    },
    "@babel/preset-react": {
      "version": "7.8.3",
      "resolved": "https://registry.npmjs.org/@babel/preset-react/-/preset-react-7.8.3.tgz",
      "integrity": "sha512-9hx0CwZg92jGb7iHYQVgi0tOEHP/kM60CtWJQnmbATSPIQQ2xYzfoCI3EdqAhFBeeJwYMdWQuDUHMsuDbH9hyQ==",
      "dev": true,
      "requires": {
        "@babel/helper-plugin-utils": "^7.8.3",
        "@babel/plugin-transform-react-display-name": "^7.8.3",
        "@babel/plugin-transform-react-jsx": "^7.8.3",
        "@babel/plugin-transform-react-jsx-self": "^7.8.3",
        "@babel/plugin-transform-react-jsx-source": "^7.8.3"
      }
    },
    "@babel/types": {
      "version": "7.8.3",
      "resolved": "https://registry.npmjs.org/@babel/types/-/types-7.8.3.tgz",
      "integrity": "sha512-jBD+G8+LWpMBBWvVcdr4QysjUE4mU/syrhN17o1u3gx0/WzJB1kwiVZAXRtWbsIPOwW8pF/YJV5+nmetPzepXg==",
      "dev": true,
      "requires": {
        "esutils": "^2.0.2",
        "lodash": "^4.17.13",
        "to-fast-properties": "^2.0.0"
      }
    },
    "esutils": {
      "version": "2.0.3",
      "resolved": "https://registry.npmjs.org/esutils/-/esutils-2.0.3.tgz",
      "integrity": "sha512-kVscqXk4OCp68SZ0dkgEKVi6/8ij300KBWTJq32P/dYeWTSwK41WyTxalN1eRmA5Z9UU/LX9D7FWSmV9SAYx6g==",
      "dev": true
    },
    "js-tokens": {
      "version": "4.0.0",
      "resolved": "https://registry.npmjs.org/js-tokens/-/js-tokens-4.0.0.tgz",
      "integrity": "sha512-RdJUflcE3cUzKiMqQgsCu06FPu9UdIJO0beYbPhHN4k6apgJtifcoCtT9bcxOpYBtpD2kCM6Sbzg4CausW/PKQ=="
    },
    "lodash": {
      "version": "4.17.15",
      "resolved": "https://registry.npmjs.org/lodash/-/lodash-4.17.15.tgz",
      "integrity": "sha512-8xOcRHvCjnocdS5cpwXQXVzmmh5e5+saE2QGoeQmbKmRS6J3VQppPOIt0MnmE+4xlZoumy0GPG0D0MVIQbNA1A==",
      "dev": true
    },
    "loose-envify": {
      "version": "1.4.0",
      "resolved": "https://registry.npmjs.org/loose-envify/-/loose-envify-1.4.0.tgz",
      "integrity": "sha512-lyuxPGr/Wfhrlem2CL/UcnUc1zcqKAImBDzukY7Y5F/yQiNdko6+fRLevlw1HgMySw7f611UIY408EtxRSoK3Q==",
      "requires": {
        "js-tokens": "^3.0.0 || ^4.0.0"
      }
    },
    "object-assign": {
      "version": "4.1.1",
      "resolved": "https://registry.npmjs.org/object-assign/-/object-assign-4.1.1.tgz",
      "integrity": "sha1-IQmtx5ZYh8/AXLvUQsrIv7s2CGM="
    },
    "prop-types": {
      "version": "15.7.2",
      "resolved": "https://registry.npmjs.org/prop-types/-/prop-types-15.7.2.tgz",
      "integrity": "sha512-8QQikdH7//R2vurIJSutZ1smHYTcLpRWEOlHnzcWHmBYrOGUysKwSsrC89BCiFj3CbrfJ/nXFdJepOVrY1GCHQ==",
      "requires": {
        "loose-envify": "^1.4.0",
        "object-assign": "^4.1.1",
        "react-is": "^16.8.1"
      }
    },
    "react-dom": {
      "version": "16.12.0",
      "resolved": "https://registry.npmjs.org/react-dom/-/react-dom-16.12.0.tgz",
      "integrity": "sha512-LMxFfAGrcS3kETtQaCkTKjMiifahaMySFDn71fZUNpPHZQEzmk/GiAeIT8JSOrHB23fnuCOMruL2a8NYlw+8Gw==",
      "requires": {
        "loose-envify": "^1.1.0",
        "object-assign": "^4.1.1",
        "prop-types": "^15.6.2",
        "scheduler": "^0.18.0"
      }
    },
    "react-is": {
      "version": "16.12.0",
      "resolved": "https://registry.npmjs.org/react-is/-/react-is-16.12.0.tgz",
      "integrity": "sha512-rPCkf/mWBtKc97aLL9/txD8DZdemK0vkA3JMLShjlJB3Pj3s+lpf1KaBzMfQrAmhMQB0n1cU/SUGgKKBCe837Q=="
    },
    "scheduler": {
      "version": "0.18.0",
      "resolved": "https://registry.npmjs.org/scheduler/-/scheduler-0.18.0.tgz",
      "integrity": "sha512-agTSHR1Nbfi6ulI0kYNK0203joW2Y5W4po4l+v03tOoiJKpTBbxpNhWDvqc/4IcOw+KLmSiQLTasZ4cab2/UWQ==",
      "requires": {
        "loose-envify": "^1.1.0",
        "object-assign": "^4.1.1"
      }
    },
    "to-fast-properties": {
      "version": "2.0.0",
      "resolved": "https://registry.npmjs.org/to-fast-properties/-/to-fast-properties-2.0.0.tgz",
      "integrity": "sha1-3F5pjL0HkmW8c+A3doGk5Og/YW4=",
      "dev": true
    }
  }
}
